
Microsoft Visual Studio Solution File, Format Version 12.00
# Visual Studio Version 16
VisualStudioVersion = 16.0.33801.447
MinimumVisualStudioVersion = 10.0.40219.1
Project("{FAE04EC0-301F-11D3-BF4B-00C04F79EFBC}") = "Zadanie2", "Zadanie2\Zadanie2.csproj", "{B7DD41E2-58B1-4FFB-8828-A4978FE4771B}"
EndProject
Global
	GlobalSection(SolutionConfigurationPlatforms) = preSolution
		Debug|Any CPU = Debug|Any CPU
		Release|Any CPU = Release|Any CPU
	EndGlobalSection
	GlobalSection(ProjectConfigurationPlatforms) = postSolution
		{B7DD41E2-58B1-4FFB-8828-A4978FE4771B}.Debug|Any CPU.ActiveCfg = Debug|Any CPU
		{B7DD41E2-58B1-4FFB-8828-A4978FE4771B}.Debug|Any CPU.Build.0 = Debug|Any CPU
		{B7DD41E2-58B1-4FFB-8828-A4978FE4771B}.Release|Any CPU.ActiveCfg = Release|Any CPU
		{B7DD41E2-58B1-4FFB-8828-A4978FE4771B}.Release|Any CPU.Build.0 = Release|Any CPU
	EndGlobalSection
	GlobalSection(SolutionProperties) = preSolution
		HideSolutionNode = FALSE
	EndGlobalSection
	GlobalSection(ExtensibilityGlobals) = postSolution
		SolutionGuid = {9BDEFF18-90BB-443A-9FE7-70856D359134}
	EndGlobalSection
EndGlobal
